Microsoft Visual Studio Solution File, Format Version 12.00
# Visual Studio Version 17
VisualStudioVersion = 17.14.36401.2
MinimumVisualStudioVersion = 10.0.40219.1
Project("{FAE04EC0-301F-11D3-BF4B-00C04F79EFBC}") = "PPT_Test", "PPT_Test.csproj", "{658238B2-902A-45E1-A74E-346DF875BE37}"
EndProject
Global
	GlobalSection(SolutionConfigurationPlatforms) = preSolution
		Debug|Any CPU = Debug|Any CPU
		Release|Any CPU = Release|Any CPU
	EndGlobalSection
	GlobalSection(ProjectConfigurationPlatforms) = postSolution
		{658238B2-902A-45E1-A74E-346DF875BE37}.Debug|Any CPU.ActiveCfg = Debug|Any CPU
		{658238B2-902A-45E1-A74E-346DF875BE37}.Debug|Any CPU.Build.0 = Debug|Any CPU
		{658238B2-902A-45E1-A74E-346DF875BE37}.Release|Any CPU.ActiveCfg = Release|Any CPU
		{658238B2-902A-45E1-A74E-346DF875BE37}.Release|Any CPU.Build.0 = Release|Any CPU
	EndGlobalSection
	GlobalSection(SolutionProperties) = preSolution
		HideSolutionNode = FALSE
	EndGlobalSection
	GlobalSection(ExtensibilityGlobals) = postSolution
		SolutionGuid = {DD4C85CB-F548-424B-AAA5-E3FC607E5AB9}
	EndGlobalSection
EndGlobal
